
Microsoft Visual Studio Solution File, Format Version 12.00
# Visual Studio Version 17
VisualStudioVersion = 17.3.32929.385
MinimumVisualStudioVersion = 10.0.40219.1
Project("{FAE04EC0-301F-11D3-BF4B-00C04F79EFBC}") = "ITMO.CSS.lab3.Exercise1", "ITMO.CSS.lab3.Exercise1\ITMO.CSS.lab3.Exercise1.csproj", "{7655CF70-EBA1-42AD-93DE-070FE91E9D14}"
EndProject
Project("{FAE04EC0-301F-11D3-BF4B-00C04F79EFBC}") = "ITMO.CSS.lab3.Exdercise2", "ITMO.CSS.lab3.Exdercise2\ITMO.CSS.lab3.Exdercise2.csproj", "{DBD8E010-33D8-460A-BE72-D6BA040193DD}"
EndProject
Project("{FAE04EC0-301F-11D3-BF4B-00C04F79EFBC}") = "ITMO.CSS.lab3.Exercise3", "ITMO.CSS.lab3.Exercise3\ITMO.CSS.lab3.Exercise3.csproj", "{9B608D05-495B-4C11-9EB8-4334E12E65B3}"
EndProject
Global
	GlobalSection(SolutionConfigurationPlatforms) = preSolution
		Debug|Any CPU = Debug|Any CPU
		Release|Any CPU = Release|Any CPU
	EndGlobalSection
	GlobalSection(ProjectConfigurationPlatforms) = postSolution
		{7655CF70-EBA1-42AD-93DE-070FE91E9D14}.Debug|Any CPU.ActiveCfg = Debug|Any CPU
		{7655CF70-EBA1-42AD-93DE-070FE91E9D14}.Debug|Any CPU.Build.0 = Debug|Any CPU
		{7655CF70-EBA1-42AD-93DE-070FE91E9D14}.Release|Any CPU.ActiveCfg = Release|Any CPU
		{7655CF70-EBA1-42AD-93DE-070FE91E9D14}.Release|Any CPU.Build.0 = Release|Any CPU
		{DBD8E010-33D8-460A-BE72-D6BA040193DD}.Debug|Any CPU.ActiveCfg = Debug|Any CPU
		{DBD8E010-33D8-460A-BE72-D6BA040193DD}.Debug|Any CPU.Build.0 = Debug|Any CPU
		{DBD8E010-33D8-460A-BE72-D6BA040193DD}.Release|Any CPU.ActiveCfg = Release|Any CPU
		{DBD8E010-33D8-460A-BE72-D6BA040193DD}.Release|Any CPU.Build.0 = Release|Any CPU
		{9B608D05-495B-4C11-9EB8-4334E12E65B3}.Debug|Any CPU.ActiveCfg = Debug|Any CPU
		{9B608D05-495B-4C11-9EB8-4334E12E65B3}.Debug|Any CPU.Build.0 = Debug|Any CPU
		{9B608D05-495B-4C11-9EB8-4334E12E65B3}.Release|Any CPU.ActiveCfg = Release|Any CPU
		{9B608D05-495B-4C11-9EB8-4334E12E65B3}.Release|Any CPU.Build.0 = Release|Any CPU
	EndGlobalSection
	GlobalSection(SolutionProperties) = preSolution
		HideSolutionNode = FALSE
	EndGlobalSection
	GlobalSection(ExtensibilityGlobals) = postSolution
		SolutionGuid = {671DC3C4-8FB8-40F8-B71F-710A80F1E626}
	EndGlobalSection
EndGlobal
