
Microsoft Visual Studio Solution File, Format Version 12.00
# Visual Studio Version 17
VisualStudioVersion = 17.3.32929.385
MinimumVisualStudioVersion = 10.0.40219.1
Project("{FAE04EC0-301F-11D3-BF4B-00C04F79EFBC}") = "ITMO.CSS.lab8.Exercise1", "ITMO.CSS.lab8.Exercise1\ITMO.CSS.lab8.Exercise1.csproj", "{10C2A3E0-F580-4F93-BA86-D019C3E35077}"
EndProject
Project("{FAE04EC0-301F-11D3-BF4B-00C04F79EFBC}") = "ITMO.CSS.lab8.Exercise2", "ITMO.CSS.lab8.Exercise2\ITMO.CSS.lab8.Exercise2.csproj", "{8B3D8AD8-1519-4FBF-820F-09D9326535A3}"
EndProject
Global
	GlobalSection(SolutionConfigurationPlatforms) = preSolution
		Debug|Any CPU = Debug|Any CPU
		Release|Any CPU = Release|Any CPU
	EndGlobalSection
	GlobalSection(ProjectConfigurationPlatforms) = postSolution
		{10C2A3E0-F580-4F93-BA86-D019C3E35077}.Debug|Any CPU.ActiveCfg = Debug|Any CPU
		{10C2A3E0-F580-4F93-BA86-D019C3E35077}.Debug|Any CPU.Build.0 = Debug|Any CPU
		{10C2A3E0-F580-4F93-BA86-D019C3E35077}.Release|Any CPU.ActiveCfg = Release|Any CPU
		{10C2A3E0-F580-4F93-BA86-D019C3E35077}.Release|Any CPU.Build.0 = Release|Any CPU
		{8B3D8AD8-1519-4FBF-820F-09D9326535A3}.Debug|Any CPU.ActiveCfg = Debug|Any CPU
		{8B3D8AD8-1519-4FBF-820F-09D9326535A3}.Debug|Any CPU.Build.0 = Debug|Any CPU
		{8B3D8AD8-1519-4FBF-820F-09D9326535A3}.Release|Any CPU.ActiveCfg = Release|Any CPU
		{8B3D8AD8-1519-4FBF-820F-09D9326535A3}.Release|Any CPU.Build.0 = Release|Any CPU
	EndGlobalSection
	GlobalSection(SolutionProperties) = preSolution
		HideSolutionNode = FALSE
	EndGlobalSection
	GlobalSection(ExtensibilityGlobals) = postSolution
		SolutionGuid = {1F4DB327-CEAF-447A-A5C5-4248CE45F682}
	EndGlobalSection
EndGlobal
