
Microsoft Visual Studio Solution File, Format Version 12.00
# Visual Studio Version 17
VisualStudioVersion = 17.3.32929.385
MinimumVisualStudioVersion = 10.0.40219.1
Project("{FAE04EC0-301F-11D3-BF4B-00C04F79EFBC}") = "ITMO.CSS.lab2.Exercise1", "ITMO.CSS.lab2.Exercise1\ITMO.CSS.lab2.Exercise1.csproj", "{8660B71B-CF44-4ADC-89DE-702E2D9070C5}"
EndProject
Project("{FAE04EC0-301F-11D3-BF4B-00C04F79EFBC}") = "ITMO.CSS.lab2.Exercise2", "ITMO.CSS.lab2.Exercise2\ITMO.CSS.lab2.Exercise2.csproj", "{84C4E844-9D7F-44A0-9804-7A6E7D496AB9}"
EndProject
Project("{FAE04EC0-301F-11D3-BF4B-00C04F79EFBC}") = "ITMO.CSS.lab2.Exercise3", "ITMO.CSS.lab2.Exercise3\ITMO.CSS.lab2.Exercise3.csproj", "{BFC8549F-FEA1-429C-B905-A497C1641FCF}"
EndProject
Global
	GlobalSection(SolutionConfigurationPlatforms) = preSolution
		Debug|Any CPU = Debug|Any CPU
		Release|Any CPU = Release|Any CPU
	EndGlobalSection
	GlobalSection(ProjectConfigurationPlatforms) = postSolution
		{8660B71B-CF44-4ADC-89DE-702E2D9070C5}.Debug|Any CPU.ActiveCfg = Debug|Any CPU
		{8660B71B-CF44-4ADC-89DE-702E2D9070C5}.Debug|Any CPU.Build.0 = Debug|Any CPU
		{8660B71B-CF44-4ADC-89DE-702E2D9070C5}.Release|Any CPU.ActiveCfg = Release|Any CPU
		{8660B71B-CF44-4ADC-89DE-702E2D9070C5}.Release|Any CPU.Build.0 = Release|Any CPU
		{84C4E844-9D7F-44A0-9804-7A6E7D496AB9}.Debug|Any CPU.ActiveCfg = Debug|Any CPU
		{84C4E844-9D7F-44A0-9804-7A6E7D496AB9}.Debug|Any CPU.Build.0 = Debug|Any CPU
		{84C4E844-9D7F-44A0-9804-7A6E7D496AB9}.Release|Any CPU.ActiveCfg = Release|Any CPU
		{84C4E844-9D7F-44A0-9804-7A6E7D496AB9}.Release|Any CPU.Build.0 = Release|Any CPU
		{BFC8549F-FEA1-429C-B905-A497C1641FCF}.Debug|Any CPU.ActiveCfg = Debug|Any CPU
		{BFC8549F-FEA1-429C-B905-A497C1641FCF}.Debug|Any CPU.Build.0 = Debug|Any CPU
		{BFC8549F-FEA1-429C-B905-A497C1641FCF}.Release|Any CPU.ActiveCfg = Release|Any CPU
		{BFC8549F-FEA1-429C-B905-A497C1641FCF}.Release|Any CPU.Build.0 = Release|Any CPU
	EndGlobalSection
	GlobalSection(SolutionProperties) = preSolution
		HideSolutionNode = FALSE
	EndGlobalSection
	GlobalSection(ExtensibilityGlobals) = postSolution
		SolutionGuid = {5D351F2F-DF20-4D15-B285-3CA5C8C3CFF9}
	EndGlobalSection
EndGlobal
